
Microsoft Visual Studio Solution File, Format Version 12.00
# Visual Studio Version 16
VisualStudioVersion = 16.0.31410.357
MinimumVisualStudioVersion = 10.0.40219.1
Project("{888888A0-9F3D-457C-B088-3A5042F75D52}") = "pypcscale", "pypcscale\pypcscale.pyproj", "{1810DFF7-B0E0-4515-9D37-B00627A10999}"
EndProject
Global
	GlobalSection(SolutionConfigurationPlatforms) = preSolution
		Debug|Any CPU = Debug|Any CPU
		Release|Any CPU = Release|Any CPU
	EndGlobalSection
	GlobalSection(ProjectConfigurationPlatforms) = postSolution
		{1810DFF7-B0E0-4515-9D37-B00627A10999}.Debug|Any CPU.ActiveCfg = Debug|Any CPU
		{1810DFF7-B0E0-4515-9D37-B00627A10999}.Release|Any CPU.ActiveCfg = Release|Any CPU
	EndGlobalSection
	GlobalSection(SolutionProperties) = preSolution
		HideSolutionNode = FALSE
	EndGlobalSection
	GlobalSection(ExtensibilityGlobals) = postSolution
		SolutionGuid = {6C24C8FA-5E93-4246-93B4-2F022FE15020}
	EndGlobalSection
EndGlobal
